github.com/xyproto/ben v1.0.0 h1:Izn1AKvn7G70B+B+QAgb0jPoiK/ZPBOtLb1b+HCqGDI=
github.com/xyproto/ben v1.0.0/go.mod h1:HPg/5jrMgF7R28d6MNhA1xSgYmaIlCLNu/trkuPpHbE=
github.com/xyproto/ben v1.0.1 h1:pDnPZLNd+YP/mcbLcsafEoxJwmExVrTw82jhEY9f2u8=
github.com/xyproto/ben v1.0.1/go.mod h1:7Rr9zhPz5JZLFk7cPmHfMMmtjE+zaJjEKyz8zbEB7OY=
